<?xml version="1.0" encoding="utf-8"?>
<Project ToolsVersion="4.0" xmlns="http://schemas.microsoft.com/developer/msbuild/2003">
  <ItemGroup>
    <Filter Include="소스 파일">
      <UniqueIdentifier>{4FC737F1-C7A5-4376-A066-2A32D752A2FF}</UniqueIdentifier>
      <Extensions>cpp;c;cc;cxx;c++;cppm;ixx;def;odl;idl;hpj;bat;asm;asmx</Extensions>
    </Filter>
    <Filter Include="헤더 파일">
      <UniqueIdentifier>{93995380-89BD-4b04-88EB-625FBE52EBFB}</UniqueIdentifier>
      <Extensions>h;hh;hpp;hxx;h++;hm;inl;inc;ipp;xsd</Extensions>
    </Filter>
    <Filter Include="리소스 파일">
      <UniqueIdentifier>{67DA6AB6-F800-4c08-8B7A-83BB121AAD01}</UniqueIdentifier>
      <Extensions>rc;ico;cur;bmp;dlg;rc2;rct;bin;rgs;gif;jpg;jpeg;jpe;resx;tiff;tif;png;wav;mfcribbon-ms</Extensions>
    </Filter>
    <Filter Include="NetClient">
      <UniqueIdentifier>{77098087-0e92-4252-bedc-8706c4f780e4}</UniqueIdentifier>
    </Filter>
    <Filter Include="Common">
      <UniqueIdentifier>{23af3745-cdf5-4581-997a-2d9cd0ef3494}</UniqueIdentifier>
    </Filter>
    <Filter Include="ChatDummy">
      <UniqueIdentifier>{b4d37118-3135-49fa-babb-dd5113ac19e1}</UniqueIdentifier>
    </Filter>
  </ItemGroup>
  <ItemGroup>
    <ClCompile Include="main.cpp">
      <Filter>소스 파일</Filter>
    </ClCompile>
    <ClCompile Include="Lyrics.cpp">
      <Filter>소스 파일</Filter>
    </ClCompile>
    <ClCompile Include="AccountInfo.cpp">
      <Filter>소스 파일</Filter>
    </ClCompile>
    <ClCompile Include="NetClientSession.cpp">
      <Filter>NetClient</Filter>
    </ClCompile>
    <ClCompile Include="NetClient.cpp">
      <Filter>NetClient</Filter>
    </ClCompile>
    <ClCompile Include="CLinkedList.cpp">
      <Filter>Common</Filter>
    </ClCompile>
    <ClCompile Include="HMonitor.cpp">
      <Filter>Common</Filter>
    </ClCompile>
    <ClCompile Include="RingBuffer.cpp">
      <Filter>Common</Filter>
    </ClCompile>
    <ClCompile Include="UpdateBase.cpp">
      <Filter>Common</Filter>
    </ClCompile>
    <ClCompile Include="Scheduler.cpp">
      <Filter>Common</Filter>
    </ClCompile>
    <ClCompile Include="LoginDummy.cpp">
      <Filter>ChatDummy</Filter>
    </ClCompile>
    <ClCompile Include="ChatDummy.cpp">
      <Filter>ChatDummy</Filter>
    </ClCompile>
    <ClCompile Include="Update.cpp">
      <Filter>소스 파일</Filter>
    </ClCompile>
  </ItemGroup>
  <ItemGroup>
    <ClInclude Include="Lyrics.h">
      <Filter>헤더 파일</Filter>
    </ClInclude>
    <ClInclude Include="AccountInfo.h">
      <Filter>헤더 파일</Filter>
    </ClInclude>
    <ClInclude Include="NetClientSession.h">
      <Filter>NetClient</Filter>
    </ClInclude>
    <ClInclude Include="NetClient.h">
      <Filter>NetClient</Filter>
    </ClInclude>
    <ClInclude Include="..\..\ServerCommon\ServerCommon\CommonProtocol.h">
      <Filter>Common</Filter>
    </ClInclude>
    <ClInclude Include="CLinkedList.h">
      <Filter>Common</Filter>
    </ClInclude>
    <ClInclude Include="CLockFreeObjectPool.h">
      <Filter>Common</Filter>
    </ClInclude>
    <ClInclude Include="CLockFreeQueue.h">
      <Filter>Common</Filter>
    </ClInclude>
    <ClInclude Include="CLockFreeStack.h">
      <Filter>Common</Filter>
    </ClInclude>
    <ClInclude Include="CTlsObjectPool.h">
      <Filter>Common</Filter>
    </ClInclude>
    <ClInclude Include="CAddressTranslator.h">
      <Filter>Common</Filter>
    </ClInclude>
    <ClInclude Include="Logger.h">
      <Filter>Common</Filter>
    </ClInclude>
    <ClInclude Include="HMonitor.h">
      <Filter>Common</Filter>
    </ClInclude>
    <ClInclude Include="Monitorable.h">
      <Filter>Common</Filter>
    </ClInclude>
    <ClInclude Include="RingBuffer.h">
      <Filter>Common</Filter>
    </ClInclude>
    <ClInclude Include="Packet.h">
      <Filter>Common</Filter>
    </ClInclude>
    <ClInclude Include="Parser.h">
      <Filter>Common</Filter>
    </ClInclude>
    <ClInclude Include="Scheduler.h">
      <Filter>Common</Filter>
    </ClInclude>
    <ClInclude Include="UpdateBase.h">
      <Filter>Common</Filter>
    </ClInclude>
    <ClInclude Include="MYOVERLAPPED.h">
      <Filter>Common</Filter>
    </ClInclude>
    <ClInclude Include="Assert.h">
      <Filter>Common</Filter>
    </ClInclude>
    <ClInclude Include="LoginDummy.h">
      <Filter>ChatDummy</Filter>
    </ClInclude>
    <ClInclude Include="Player.h">
      <Filter>ChatDummy</Filter>
    </ClInclude>
    <ClInclude Include="CurrentServerType.h">
      <Filter>ChatDummy</Filter>
    </ClInclude>
    <ClInclude Include="RecvJob.h">
      <Filter>ChatDummy</Filter>
    </ClInclude>
    <ClInclude Include="State.h">
      <Filter>ChatDummy</Filter>
    </ClInclude>
    <ClInclude Include="ChatDummy.h">
      <Filter>ChatDummy</Filter>
    </ClInclude>
    <ClInclude Include="MemoryPool.h">
      <Filter>Common</Filter>
    </ClInclude>
    <ClInclude Include="Update.h">
      <Filter>ChatDummy</Filter>
    </ClInclude>
  </ItemGroup>
</Project>